
Microsoft Visual Studio Solution File, Format Version 12.00
# Visual Studio Version 17
VisualStudioVersion = 17.4.33110.190
MinimumVisualStudioVersion = 10.0.40219.1
Project("{FAE04EC0-301F-11D3-BF4B-00C04F79EFBC}") = "SellAutoApp", "SellAutoApp\SellAutoApp.csproj", "{EE937DBE-219A-4B39-B843-847ABD6ECFF8}"
EndProject
Global
	GlobalSection(SolutionConfigurationPlatforms) = preSolution
		Debug|Any CPU = Debug|Any CPU
		Release|Any CPU = Release|Any CPU
	EndGlobalSection
	GlobalSection(ProjectConfigurationPlatforms) = postSolution
		{EE937DBE-219A-4B39-B843-847ABD6ECFF8}.Debug|Any CPU.ActiveCfg = Debug|Any CPU
		{EE937DBE-219A-4B39-B843-847ABD6ECFF8}.Debug|Any CPU.Build.0 = Debug|Any CPU
		{EE937DBE-219A-4B39-B843-847ABD6ECFF8}.Release|Any CPU.ActiveCfg = Release|Any CPU
		{EE937DBE-219A-4B39-B843-847ABD6ECFF8}.Release|Any CPU.Build.0 = Release|Any CPU
	EndGlobalSection
	GlobalSection(SolutionProperties) = preSolution
		HideSolutionNode = FALSE
	EndGlobalSection
	GlobalSection(ExtensibilityGlobals) = postSolution
		SolutionGuid = {1FD9ED83-4900-4070-BCD3-206F92159117}
	EndGlobalSection
EndGlobal
